// !$*UTF8*$!
{
	archiveVersion = 1;
	classes = {
	};
	objectVersion = 56;
	objects = {

/* Begin PBXBuildFile section */
		6E24EED72D95B4C8004E09AB /* CardEditView.swift in Sources */ = {isa = PBXBuildFile; fileRef = 6E24EED62D95B4C8004E09AB /* CardEditView.swift */; };
		6E2B45CA2D8DB514007EE511 /* PokecaBoxApp.swift in Sources */ = {isa = PBXBuildFile; fileRef = 6E2B45C92D8DB514007EE511 /* PokecaBoxApp.swift */; };
		6E2B45CC2D8DB514007EE511 /* ContentView.swift in Sources */ = {isa = PBXBuildFile; fileRef = 6E2B45CB2D8DB514007EE511 /* ContentView.swift */; };
		6E2B45CE2D8DB51B007EE511 /* Assets.xcassets in Resources */ = {isa = PBXBuildFile; fileRef = 6E2B45CD2D8DB51B007EE511 /* Assets.xcassets */; };
		6E2B45D12D8DB51B007EE511 /* Preview Assets.xcassets in Resources */ = {isa = PBXBuildFile; fileRef = 6E2B45D02D8DB51B007EE511 /* Preview Assets.xcassets */; };
		6E2B45D32D8DB51B007EE511 /* Persistence.swift in Sources */ = {isa = PBXBuildFile; fileRef = 6E2B45D22D8DB51B007EE511 /* Persistence.swift */; };
		6E2B45D62D8DB51B007EE511 /* PokecaBox.xcdatamodeld in Sources */ = {isa = PBXBuildFile; fileRef = 6E2B45D42D8DB51B007EE511 /* PokecaBox.xcdatamodeld */; };
		6E2B45E02D8DB51C007EE511 /* PokecaBoxTests.swift in Sources */ = {isa = PBXBuildFile; fileRef = 6E2B45DF2D8DB51C007EE511 /* PokecaBoxTests.swift */; };
		6E2B45EA2D8DB51C007EE511 /* PokecaBoxUITests.swift in Sources */ = {isa = PBXBuildFile; fileRef = 6E2B45E92D8DB51C007EE511 /* PokecaBoxUITests.swift */; };
		6E2B45EC2D8DB51C007EE511 /* PokecaBoxUITestsLaunchTests.swift in Sources */ = {isa = PBXBuildFile; fileRef = 6E2B45EB2D8DB51C007EE511 /* PokecaBoxUITestsLaunchTests.swift */; };
		6E59162F2DA7E1F90002DAD3 /* PokecaAddView.swift in Sources */ = {isa = PBXBuildFile; fileRef = 6E59162E2DA7E1F90002DAD3 /* PokecaAddView.swift */; };
		6EF787742D93016300C10DDE /* CardListView.swift in Sources */ = {isa = PBXBuildFile; fileRef = 6EF787732D93016300C10DDE /* CardListView.swift */; };
/* End PBXBuildFile section */

/* Begin PBXContainerItemProxy section */
		6E2B45DC2D8DB51C007EE511 /* PBXContainerItemProxy */ = {
			isa = PBXContainerItemProxy;
			containerPortal = 6E2B45BE2D8DB513007EE511 /* Project object */;
			proxyType = 1;
			remoteGlobalIDString = 6E2B45C52D8DB514007EE511;
			remoteInfo = PokecaBox;
		};
		6E2B45E62D8DB51C007EE511 /* PBXContainerItemProxy */ = {
			isa = PBXContainerItemProxy;
			containerPortal = 6E2B45BE2D8DB513007EE511 /* Project object */;
			proxyType = 1;
			remoteGlobalIDString = 6E2B45C52D8DB514007EE511;
			remoteInfo = PokecaBox;
		};
/* End PBXContainerItemProxy section */

/* Begin PBXFileReference section */
		6E24EED62D95B4C8004E09AB /* CardEditView.swift */ = {isa = PBXFileReference; lastKnownFileType = sourcecode.swift; path = CardEditView.swift; sourceTree = "<group>"; };
		6E2B45C62D8DB514007EE511 /* PokecaBox.app */ = {isa = PBXFileReference; explicitFileType = wrapper.application; includeInIndex = 0; path = PokecaBox.app; sourceTree = BUILT_PRODUCTS_DIR; };
		6E2B45C92D8DB514007EE511 /* PokecaBoxApp.swift */ = {isa = PBXFileReference; lastKnownFileType = sourcecode.swift; path = PokecaBoxApp.swift; sourceTree = "<group>"; };
		6E2B45CB2D8DB514007EE511 /* ContentView.swift */ = {isa = PBXFileReference; lastKnownFileType = sourcecode.swift; path = ContentView.swift; sourceTree = "<group>"; };
		6E2B45CD2D8DB51B007EE511 /* Assets.xcassets */ = {isa = PBXFileReference; lastKnownFileType = folder.assetcatalog; path = Assets.xcassets; sourceTree = "<group>"; };
		6E2B45D02D8DB51B007EE511 /* Preview Assets.xcassets */ = {isa = PBXFileReference; lastKnownFileType = folder.assetcatalog; path = "Preview Assets.xcassets"; sourceTree = "<group>"; };
		6E2B45D22D8DB51B007EE511 /* Persistence.swift */ = {isa = PBXFileReference; lastKnownFileType = sourcecode.swift; path = Persistence.swift; sourceTree = "<group>"; };
		6E2B45D52D8DB51B007EE511 /* PokecaBox.xcdatamodel */ = {isa = PBXFileReference; lastKnownFileType = wrapper.xcdatamodel; path = PokecaBox.xcdatamodel; sourceTree = "<group>"; };
		6E2B45DB2D8DB51C007EE511 /* PokecaBoxTests.xctest */ = {isa = PBXFileReference; explicitFileType = wrapper.cfbundle; includeInIndex = 0; path = PokecaBoxTests.xctest; sourceTree = BUILT_PRODUCTS_DIR; };
		6E2B45DF2D8DB51C007EE511 /* PokecaBoxTests.swift */ = {isa = PBXFileReference; lastKnownFileType = sourcecode.swift; path = PokecaBoxTests.swift; sourceTree = "<group>"; };
		6E2B45E52D8DB51C007EE511 /* PokecaBoxUITests.xctest */ = {isa = PBXFileReference; explicitFileType = wrapper.cfbundle; includeInIndex = 0; path = PokecaBoxUITests.xctest; sourceTree = BUILT_PRODUCTS_DIR; };
		6E2B45E92D8DB51C007EE511 /* PokecaBoxUITests.swift */ = {isa = PBXFileReference; lastKnownFileType = sourcecode.swift; path = PokecaBoxUITests.swift; sourceTree = "<group>"; };
		6E2B45EB2D8DB51C007EE511 /* PokecaBoxUITestsLaunchTests.swift */ = {isa = PBXFileReference; lastKnownFileType = sourcecode.swift; path = PokecaBoxUITestsLaunchTests.swift; sourceTree = "<group>"; };
		6E59162E2DA7E1F90002DAD3 /* PokecaAddView.swift */ = {isa = PBXFileReference; lastKnownFileType = sourcecode.swift; path = PokecaAddView.swift; sourceTree = "<group>"; };
		6EF787732D93016300C10DDE /* CardListView.swift */ = {isa = PBXFileReference; lastKnownFileType = sourcecode.swift; path = CardListView.swift; sourceTree = "<group>"; };
/* End PBXFileReference section */

/* Begin PBXFrameworksBuildPhase section */
		6E2B45C32D8DB514007EE511 /* Frameworks */ = {
			isa = PBXFrameworksBuildPhase;
			buildActionMask = 2147483647;
			files = (
			);
			runOnlyForDeploymentPostprocessing = 0;
		};
		6E2B45D82D8DB51C007EE511 /* Frameworks */ = {
			isa = PBXFrameworksBuildPhase;
			buildActionMask = 2147483647;
			files = (
			);
			runOnlyForDeploymentPostprocessing = 0;
		};
		6E2B45E22D8DB51C007EE511 /* Frameworks */ = {
			isa = PBXFrameworksBuildPhase;
			buildActionMask = 2147483647;
			files = (
			);
			runOnlyForDeploymentPostprocessing = 0;
		};
/* End PBXFrameworksBuildPhase section */

/* Begin PBXGroup section */
		6E2B45BD2D8DB513007EE511 = {
			isa = PBXGroup;
			children = (
				6E2B45C82D8DB514007EE511 /* PokecaBox */,
				6E2B45DE2D8DB51C007EE511 /* PokecaBoxTests */,
				6E2B45E82D8DB51C007EE511 /* PokecaBoxUITests */,
				6E2B45C72D8DB514007EE511 /* Products */,
			);
			sourceTree = "<group>";
		};
		6E2B45C72D8DB514007EE511 /* Products */ = {
			isa = PBXGroup;
			children = (
				6E2B45C62D8DB514007EE511 /* PokecaBox.app */,
				6E2B45DB2D8DB51C007EE511 /* PokecaBoxTests.xctest */,
				6E2B45E52D8DB51C007EE511 /* PokecaBoxUITests.xctest */,
			);
			name = Products;
			sourceTree = "<group>";
		};
		6E2B45C82D8DB514007EE511 /* PokecaBox */ = {
			isa = PBXGroup;
			children = (
				6E2B45C92D8DB514007EE511 /* PokecaBoxApp.swift */,
				6E59162E2DA7E1F90002DAD3 /* PokecaAddView.swift */,
				6E2B45CB2D8DB514007EE511 /* ContentView.swift */,
				6E24EED62D95B4C8004E09AB /* CardEditView.swift */,
				6EF787732D93016300C10DDE /* CardListView.swift */,
				6E2B45CD2D8DB51B007EE511 /* Assets.xcassets */,
				6E2B45D22D8DB51B007EE511 /* Persistence.swift */,
				6E2B45D42D8DB51B007EE511 /* PokecaBox.xcdatamodeld */,
				6E2B45CF2D8DB51B007EE511 /* Preview Content */,
			);
			path = PokecaBox;
			sourceTree = "<group>";
		};
		6E2B45CF2D8DB51B007EE511 /* Preview Content */ = {
			isa = PBXGroup;
			children = (
				6E2B45D02D8DB51B007EE511 /* Preview Assets.xcassets */,
			);
			path = "Preview Content";
			sourceTree = "<group>";
		};
		6E2B45DE2D8DB51C007EE511 /* PokecaBoxTests */ = {
			isa = PBXGroup;
			children = (
				6E2B45DF2D8DB51C007EE511 /* PokecaBoxTests.swift */,
			);
			path = PokecaBoxTests;
			sourceTree = "<group>";
		};
		6E2B45E82D8DB51C007EE511 /* PokecaBoxUITests */ = {
			isa = PBXGroup;
			children = (
				6E2B45E92D8DB51C007EE511 /* PokecaBoxUITests.swift */,
				6E2B45EB2D8DB51C007EE511 /* PokecaBoxUITestsLaunchTests.swift */,
			);
			path = PokecaBoxUITests;
			sourceTree = "<group>";
		};
/* End PBXGroup section */

/* Begin PBXNativeTarget section */
		6E2B45C52D8DB514007EE511 /* PokecaBox */ = {
			isa = PBXNativeTarget;
			buildConfigurationList = 6E2B45EF2D8DB51C007EE511 /* Build configuration list for PBXNativeTarget "PokecaBox" */;
			buildPhases = (
				6E2B45C22D8DB514007EE511 /* Sources */,
				6E2B45C32D8DB514007EE511 /* Frameworks */,
				6E2B45C42D8DB514007EE511 /* Resources */,
			);
			buildRules = (
			);
			dependencies = (
			);
			name = PokecaBox;
			productName = PokecaBox;
			productReference = 6E2B45C62D8DB514007EE511 /* PokecaBox.app */;
			productType = "com.apple.product-type.application";
		};
		6E2B45DA2D8DB51C007EE511 /* PokecaBoxTests */ = {
			isa = PBXNativeTarget;
			buildConfigurationList = 6E2B45F22D8DB51C007EE511 /* Build configuration list for PBXNativeTarget "PokecaBoxTests" */;
			buildPhases = (
				6E2B45D72D8DB51C007EE511 /* Sources */,
				6E2B45D82D8DB51C007EE511 /* Frameworks */,
				6E2B45D92D8DB51C007EE511 /* Resources */,
			);
			buildRules = (
			);
			dependencies = (
				6E2B45DD2D8DB51C007EE511 /* PBXTargetDependency */,
			);
			name = PokecaBoxTests;
			productName = PokecaBoxTests;
			productReference = 6E2B45DB2D8DB51C007EE511 /* PokecaBoxTests.xctest */;
			productType = "com.apple.product-type.bundle.unit-test";
		};
		6E2B45E42D8DB51C007EE511 /* PokecaBoxUITests */ = {
			isa = PBXNativeTarget;
			buildConfigurationList = 6E2B45F52D8DB51C007EE511 /* Build configuration list for PBXNativeTarget "PokecaBoxUITests" */;
			buildPhases = (
				6E2B45E12D8DB51C007EE511 /* Sources */,
				6E2B45E22D8DB51C007EE511 /* Frameworks */,
				6E2B45E32D8DB51C007EE511 /* Resources */,
			);
			buildRules = (
			);
			dependencies = (
				6E2B45E72D8DB51C007EE511 /* PBXTargetDependency */,
			);
			name = PokecaBoxUITests;
			productName = PokecaBoxUITests;
			productReference = 6E2B45E52D8DB51C007EE511 /* PokecaBoxUITests.xctest */;
			productType = "com.apple.product-type.bundle.ui-testing";
		};
/* End PBXNativeTarget section */

/* Begin PBXProject section */
		6E2B45BE2D8DB513007EE511 /* Project object */ = {
			isa = PBXProject;
			attributes = {
				BuildIndependentTargetsInParallel = 1;
				LastSwiftUpdateCheck = 1400;
				LastUpgradeCheck = 1400;
				TargetAttributes = {
					6E2B45C52D8DB514007EE511 = {
						CreatedOnToolsVersion = 14.0.1;
					};
					6E2B45DA2D8DB51C007EE511 = {
						CreatedOnToolsVersion = 14.0.1;
						TestTargetID = 6E2B45C52D8DB514007EE511;
					};
					6E2B45E42D8DB51C007EE511 = {
						CreatedOnToolsVersion = 14.0.1;
						TestTargetID = 6E2B45C52D8DB514007EE511;
					};
				};
			};
			buildConfigurationList = 6E2B45C12D8DB513007EE511 /* Build configuration list for PBXProject "PokecaBox" */;
			compatibilityVersion = "Xcode 14.0";
			developmentRegion = en;
			hasScannedForEncodings = 0;
			knownRegions = (
				en,
				Base,
			);
			mainGroup = 6E2B45BD2D8DB513007EE511;
			productRefGroup = 6E2B45C72D8DB514007EE511 /* Products */;
			projectDirPath = "";
			projectRoot = "";
			targets = (
				6E2B45C52D8DB514007EE511 /* PokecaBox */,
				6E2B45DA2D8DB51C007EE511 /* PokecaBoxTests */,
				6E2B45E42D8DB51C007EE511 /* PokecaBoxUITests */,
			);
		};
/* End PBXProject section */

/* Begin PBXResourcesBuildPhase section */
		6E2B45C42D8DB514007EE511 /* Resources */ = {
			isa = PBXResourcesBuildPhase;
			buildActionMask = 2147483647;
			files = (
				6E2B45D12D8DB51B007EE511 /* Preview Assets.xcassets in Resources */,
				6E2B45CE2D8DB51B007EE511 /* Assets.xcassets in Resources */,
			);
			runOnlyForDeploymentPostprocessing = 0;
		};
		6E2B45D92D8DB51C007EE511 /* Resources */ = {
			isa = PBXResourcesBuildPhase;
			buildActionMask = 2147483647;
			files = (
			);
			runOnlyForDeploymentPostprocessing = 0;
		};
		6E2B45E32D8DB51C007EE511 /* Resources */ = {
			isa = PBXResourcesBuildPhase;
			buildActionMask = 2147483647;
			files = (
			);
			runOnlyForDeploymentPostprocessing = 0;
		};
/* End PBXResourcesBuildPhase section */

/* Begin PBXSourcesBuildPhase section */
		6E2B45C22D8DB514007EE511 /* Sources */ = {
			isa = PBXSourcesBuildPhase;
			buildActionMask = 2147483647;
			files = (
				6E24EED72D95B4C8004E09AB /* CardEditView.swift in Sources */,
				6E2B45D32D8DB51B007EE511 /* Persistence.swift in Sources */,
				6E2B45CC2D8DB514007EE511 /* ContentView.swift in Sources */,
				6E2B45D62D8DB51B007EE511 /* PokecaBox.xcdatamodeld in Sources */,
				6EF787742D93016300C10DDE /* CardListView.swift in Sources */,
				6E59162F2DA7E1F90002DAD3 /* PokecaAddView.swift in Sources */,
				6E2B45CA2D8DB514007EE511 /* PokecaBoxApp.swift in Sources */,
			);
			runOnlyForDeploymentPostprocessing = 0;
		};
		6E2B45D72D8DB51C007EE511 /* Sources */ = {
			isa = PBXSourcesBuildPhase;
			buildActionMask = 2147483647;
			files = (
				6E2B45E02D8DB51C007EE511 /* PokecaBoxTests.swift in Sources */,
			);
			runOnlyForDeploymentPostprocessing = 0;
		};
		6E2B45E12D8DB51C007EE511 /* Sources */ = {
			isa = PBXSourcesBuildPhase;
			buildActionMask = 2147483647;
			files = (
				6E2B45EA2D8DB51C007EE511 /* PokecaBoxUITests.swift in Sources */,
				6E2B45EC2D8DB51C007EE511 /* PokecaBoxUITestsLaunchTests.swift in Sources */,
			);
			runOnlyForDeploymentPostprocessing = 0;
		};
/* End PBXSourcesBuildPhase section */

/* Begin PBXTargetDependency section */
		6E2B45DD2D8DB51C007EE511 /* PBXTargetDependency */ = {
			isa = PBXTargetDependency;
			target = 6E2B45C52D8DB514007EE511 /* PokecaBox */;
			targetProxy = 6E2B45DC2D8DB51C007EE511 /* PBXContainerItemProxy */;
		};
		6E2B45E72D8DB51C007EE511 /* PBXTargetDependency */ = {
			isa = PBXTargetDependency;
			target = 6E2B45C52D8DB514007EE511 /* PokecaBox */;
			targetProxy = 6E2B45E62D8DB51C007EE511 /* PBXContainerItemProxy */;
		};
/* End PBXTargetDependency section */

/* Begin XCBuildConfiguration section */
		6E2B45ED2D8DB51C007EE511 /* Debug */ = {
			isa = XCBuildConfiguration;
			buildSettings = {
				ALWAYS_SEARCH_USER_PATHS = NO;
				CLANG_ANALYZER_NONNULL = YES;
				CLANG_ANALYZER_NUMBER_OBJECT_CONVERSION = YES_AGGRESSIVE;
				CLANG_CXX_LANGUAGE_STANDARD = "gnu++20";
				CLANG_ENABLE_MODULES = YES;
				CLANG_ENABLE_OBJC_ARC = YES;
				CLANG_ENABLE_OBJC_WEAK = YES;
				CLANG_WARN_BLOCK_CAPTURE_AUTORELEASING = YES;
				CLANG_WARN_BOOL_CONVERSION = YES;
				CLANG_WARN_COMMA = YES;
				CLANG_WARN_CONSTANT_CONVERSION = YES;
				CLANG_WARN_DEPRECATED_OBJC_IMPLEMENTATIONS = YES;
				CLANG_WARN_DIRECT_OBJC_ISA_USAGE = YES_ERROR;
				CLANG_WARN_DOCUMENTATION_COMMENTS = YES;
				CLANG_WARN_EMPTY_BODY = YES;
				CLANG_WARN_ENUM_CONVERSION = YES;
				CLANG_WARN_INFINITE_RECURSION = YES;
				CLANG_WARN_INT_CONVERSION = YES;
				CLANG_WARN_NON_LITERAL_NULL_CONVERSION = YES;
				CLANG_WARN_OBJC_IMPLICIT_RETAIN_SELF = YES;
				CLANG_WARN_OBJC_LITERAL_CONVERSION = YES;
				CLANG_WARN_OBJC_ROOT_CLASS = YES_ERROR;
				CLANG_WARN_QUOTED_INCLUDE_IN_FRAMEWORK_HEADER = YES;
				CLANG_WARN_RANGE_LOOP_ANALYSIS = YES;
				CLANG_WARN_STRICT_PROTOTYPES = YES;
				CLANG_WARN_SUSPICIOUS_MOVE = YES;
				CLANG_WARN_UNGUARDED_AVAILABILITY = YES_AGGRESSIVE;
				CLANG_WARN_UNREACHABLE_CODE = YES;
				CLANG_WARN__DUPLICATE_METHOD_MATCH = YES;
				COPY_PHASE_STRIP = NO;
				DEBUG_INFORMATION_FORMAT = dwarf;
				ENABLE_STRICT_OBJC_MSGSEND = YES;
				ENABLE_TESTABILITY = YES;
				GCC_C_LANGUAGE_STANDARD = gnu11;
				GCC_DYNAMIC_NO_PIC = NO;
				GCC_NO_COMMON_BLOCKS = YES;
				GCC_OPTIMIZATION_LEVEL = 0;
				GCC_PREPROCESSOR_DEFINITIONS = (
					"DEBUG=1",
					"$(inherited)",
				);
				GCC_WARN_64_TO_32_BIT_CONVERSION = YES;
				GCC_WARN_ABOUT_RETURN_TYPE = YES_ERROR;
				GCC_WARN_UNDECLARED_SELECTOR = YES;
				GCC_WARN_UNINITIALIZED_AUTOS = YES_AGGRESSIVE;
				GCC_WARN_UNUSED_FUNCTION = YES;
				GCC_WARN_UNUSED_VARIABLE = YES;
				IPHONEOS_DEPLOYMENT_TARGET = 16.0;
				MTL_ENABLE_DEBUG_INFO = INCLUDE_SOURCE;
				MTL_FAST_MATH = YES;
				ONLY_ACTIVE_ARCH = YES;
				SDKROOT = iphoneos;
				SWIFT_ACTIVE_COMPILATION_CONDITIONS = DEBUG;
				SWIFT_OPTIMIZATION_LEVEL = "-Onone";
			};
			name = Debug;
		};
		6E2B45EE2D8DB51C007EE511 /* Release */ = {
			isa = XCBuildConfiguration;
			buildSettings = {
				ALWAYS_SEARCH_USER_PATHS = NO;
				CLANG_ANALYZER_NONNULL = YES;
				CLANG_ANALYZER_NUMBER_OBJECT_CONVERSION = YES_AGGRESSIVE;
				CLANG_CXX_LANGUAGE_STANDARD = "gnu++20";
				CLANG_ENABLE_MODULES = YES;
				CLANG_ENABLE_OBJC_ARC = YES;
				CLANG_ENABLE_OBJC_WEAK = YES;
				CLANG_WARN_BLOCK_CAPTURE_AUTORELEASING = YES;
				CLANG_WARN_BOOL_CONVERSION = YES;
				CLANG_WARN_COMMA = YES;
				CLANG_WARN_CONSTANT_CONVERSION = YES;
				CLANG_WARN_DEPRECATED_OBJC_IMPLEMENTATIONS = YES;
				CLANG_WARN_DIRECT_OBJC_ISA_USAGE = YES_ERROR;
				CLANG_WARN_DOCUMENTATION_COMMENTS = YES;
				CLANG_WARN_EMPTY_BODY = YES;
				CLANG_WARN_ENUM_CONVERSION = YES;
				CLANG_WARN_INFINITE_RECURSION = YES;
				CLANG_WARN_INT_CONVERSION = YES;
				CLANG_WARN_NON_LITERAL_NULL_CONVERSION = YES;
				CLANG_WARN_OBJC_IMPLICIT_RETAIN_SELF = YES;
				CLANG_WARN_OBJC_LITERAL_CONVERSION = YES;
				CLANG_WARN_OBJC_ROOT_CLASS = YES_ERROR;
				CLANG_WARN_QUOTED_INCLUDE_IN_FRAMEWORK_HEADER = YES;
				CLANG_WARN_RANGE_LOOP_ANALYSIS = YES;
				CLANG_WARN_STRICT_PROTOTYPES = YES;
				CLANG_WARN_SUSPICIOUS_MOVE = YES;
				CLANG_WARN_UNGUARDED_AVAILABILITY = YES_AGGRESSIVE;
				CLANG_WARN_UNREACHABLE_CODE = YES;
				CLANG_WARN__DUPLICATE_METHOD_MATCH = YES;
				COPY_PHASE_STRIP = NO;
				DEBUG_INFORMATION_FORMAT = "dwarf-with-dsym";
				ENABLE_NS_ASSERTIONS = NO;
				ENABLE_STRICT_OBJC_MSGSEND = YES;
				GCC_C_LANGUAGE_STANDARD = gnu11;
				GCC_NO_COMMON_BLOCKS = YES;
				GCC_WARN_64_TO_32_BIT_CONVERSION = YES;
				GCC_WARN_ABOUT_RETURN_TYPE = YES_ERROR;
				GCC_WARN_UNDECLARED_SELECTOR = YES;
				GCC_WARN_UNINITIALIZED_AUTOS = YES_AGGRESSIVE;
				GCC_WARN_UNUSED_FUNCTION = YES;
				GCC_WARN_UNUSED_VARIABLE = YES;
				IPHONEOS_DEPLOYMENT_TARGET = 16.0;
				MTL_ENABLE_DEBUG_INFO = NO;
				MTL_FAST_MATH = YES;
				SDKROOT = iphoneos;
				SWIFT_COMPILATION_MODE = wholemodule;
				SWIFT_OPTIMIZATION_LEVEL = "-O";
				VALIDATE_PRODUCT = YES;
			};
			name = Release;
		};
		6E2B45F02D8DB51C007EE511 /* Debug */ = {
			isa = XCBuildConfiguration;
			buildSettings = {
				ASSETCATALOG_COMPILER_APPICON_NAME = AppIcon;
				ASSETCATALOG_COMPILER_GLOBAL_ACCENT_COLOR_NAME = AccentColor;
				CODE_SIGN_STYLE = Automatic;
				CURRENT_PROJECT_VERSION = 1;
				DEVELOPMENT_ASSET_PATHS = "\"PokecaBox/Preview Content\"";
				DEVELOPMENT_TEAM = 8M5ZB4R29P;
				ENABLE_PREVIEWS = YES;
				GENERATE_INFOPLIST_FILE = YES;
				INFOPLIST_KEY_UIApplicationSceneManifest_Generation = YES;
				INFOPLIST_KEY_UIApplicationSupportsIndirectInputEvents = YES;
				INFOPLIST_KEY_UILaunchScreen_Generation = YES;
				INFOPLIST_KEY_UISupportedInterfaceOrientations_iPad = "UIInterfaceOrientationPortrait UIInterfaceOrientationPortraitUpsideDown UIInterfaceOrientationLandscapeLeft UIInterfaceOrientationLandscapeRight";
				INFOPLIST_KEY_UISupportedInterfaceOrientations_iPhone = "UIInterfaceOrientationPortrait UIInterfaceOrientationLandscapeLeft UIInterfaceOrientationLandscapeRight";
				LD_RUNPATH_SEARCH_PATHS = (
					"$(inherited)",
					"@executable_path/Frameworks",
				);
				MARKETING_VERSION = 1.0;
				PRODUCT_BUNDLE_IDENTIFIER = SwiftDeveloper.PokecaBox;
				PRODUCT_NAME = "$(TARGET_NAME)";
				SWIFT_EMIT_LOC_STRINGS = YES;
				SWIFT_VERSION = 5.0;
				TARGETED_DEVICE_FAMILY = "1,2";
			};
			name = Debug;
		};
		6E2B45F12D8DB51C007EE511 /* Release */ = {
			isa = XCBuildConfiguration;
			buildSettings = {
				ASSETCATALOG_COMPILER_APPICON_NAME = AppIcon;
				ASSETCATALOG_COMPILER_GLOBAL_ACCENT_COLOR_NAME = AccentColor;
				CODE_SIGN_STYLE = Automatic;
				CURRENT_PROJECT_VERSION = 1;
				DEVELOPMENT_ASSET_PATHS = "\"PokecaBox/Preview Content\"";
				DEVELOPMENT_TEAM = 8M5ZB4R29P;
				ENABLE_PREVIEWS = YES;
				GENERATE_INFOPLIST_FILE = YES;
				INFOPLIST_KEY_UIApplicationSceneManifest_Generation = YES;
				INFOPLIST_KEY_UIApplicationSupportsIndirectInputEvents = YES;
				INFOPLIST_KEY_UILaunchScreen_Generation = YES;
				INFOPLIST_KEY_UISupportedInterfaceOrientations_iPad = "UIInterfaceOrientationPortrait UIInterfaceOrientationPortraitUpsideDown UIInterfaceOrientationLandscapeLeft UIInterfaceOrientationLandscapeRight";
				INFOPLIST_KEY_UISupportedInterfaceOrientations_iPhone = "UIInterfaceOrientationPortrait UIInterfaceOrientationLandscapeLeft UIInterfaceOrientationLandscapeRight";
				LD_RUNPATH_SEARCH_PATHS = (
					"$(inherited)",
					"@executable_path/Frameworks",
				);
				MARKETING_VERSION = 1.0;
				PRODUCT_BUNDLE_IDENTIFIER = SwiftDeveloper.PokecaBox;
				PRODUCT_NAME = "$(TARGET_NAME)";
				SWIFT_EMIT_LOC_STRINGS = YES;
				SWIFT_VERSION = 5.0;
				TARGETED_DEVICE_FAMILY = "1,2";
			};
			name = Release;
		};
		6E2B45F32D8DB51C007EE511 /* Debug */ = {
			isa = XCBuildConfiguration;
			buildSettings = {
				ALWAYS_EMBED_SWIFT_STANDARD_LIBRARIES = YES;
				BUNDLE_LOADER = "$(TEST_HOST)";
				CODE_SIGN_STYLE = Automatic;
				CURRENT_PROJECT_VERSION = 1;
				DEVELOPMENT_TEAM = 8M5ZB4R29P;
				GENERATE_INFOPLIST_FILE = YES;
				IPHONEOS_DEPLOYMENT_TARGET = 16.0;
				MARKETING_VERSION = 1.0;
				PRODUCT_BUNDLE_IDENTIFIER = SwiftDeveloper.PokecaBoxTests;
				PRODUCT_NAME = "$(TARGET_NAME)";
				SWIFT_EMIT_LOC_STRINGS = NO;
				SWIFT_VERSION = 5.0;
				TARGETED_DEVICE_FAMILY = "1,2";
				TEST_HOST = "$(BUILT_PRODUCTS_DIR)/PokecaBox.app/$(BUNDLE_EXECUTABLE_FOLDER_PATH)/PokecaBox";
			};
			name = Debug;
		};
		6E2B45F42D8DB51C007EE511 /* Release */ = {
			isa = XCBuildConfiguration;
			buildSettings = {
				ALWAYS_EMBED_SWIFT_STANDARD_LIBRARIES = YES;
				BUNDLE_LOADER = "$(TEST_HOST)";
				CODE_SIGN_STYLE = Automatic;
				CURRENT_PROJECT_VERSION = 1;
				DEVELOPMENT_TEAM = 8M5ZB4R29P;
				GENERATE_INFOPLIST_FILE = YES;
				IPHONEOS_DEPLOYMENT_TARGET = 16.0;
				MARKETING_VERSION = 1.0;
				PRODUCT_BUNDLE_IDENTIFIER = SwiftDeveloper.PokecaBoxTests;
				PRODUCT_NAME = "$(TARGET_NAME)";
				SWIFT_EMIT_LOC_STRINGS = NO;
				SWIFT_VERSION = 5.0;
				TARGETED_DEVICE_FAMILY = "1,2";
				TEST_HOST = "$(BUILT_PRODUCTS_DIR)/PokecaBox.app/$(BUNDLE_EXECUTABLE_FOLDER_PATH)/PokecaBox";
			};
			name = Release;
		};
		6E2B45F62D8DB51C007EE511 /* Debug */ = {
			isa = XCBuildConfiguration;
			buildSettings = {
				ALWAYS_EMBED_SWIFT_STANDARD_LIBRARIES = YES;
				CODE_SIGN_STYLE = Automatic;
				CURRENT_PROJECT_VERSION = 1;
				DEVELOPMENT_TEAM = 8M5ZB4R29P;
				GENERATE_INFOPLIST_FILE = YES;
				MARKETING_VERSION = 1.0;
				PRODUCT_BUNDLE_IDENTIFIER = SwiftDeveloper.PokecaBoxUITests;
				PRODUCT_NAME = "$(TARGET_NAME)";
				SWIFT_EMIT_LOC_STRINGS = NO;
				SWIFT_VERSION = 5.0;
				TARGETED_DEVICE_FAMILY = "1,2";
				TEST_TARGET_NAME = PokecaBox;
			};
			name = Debug;
		};
		6E2B45F72D8DB51C007EE511 /* Release */ = {
			isa = XCBuildConfiguration;
			buildSettings = {
				ALWAYS_EMBED_SWIFT_STANDARD_LIBRARIES = YES;
				CODE_SIGN_STYLE = Automatic;
				CURRENT_PROJECT_VERSION = 1;
				DEVELOPMENT_TEAM = 8M5ZB4R29P;
				GENERATE_INFOPLIST_FILE = YES;
				MARKETING_VERSION = 1.0;
				PRODUCT_BUNDLE_IDENTIFIER = SwiftDeveloper.PokecaBoxUITests;
				PRODUCT_NAME = "$(TARGET_NAME)";
				SWIFT_EMIT_LOC_STRINGS = NO;
				SWIFT_VERSION = 5.0;
				TARGETED_DEVICE_FAMILY = "1,2";
				TEST_TARGET_NAME = PokecaBox;
			};
			name = Release;
		};
/* End XCBuildConfiguration section */

/* Begin XCConfigurationList section */
		6E2B45C12D8DB513007EE511 /* Build configuration list for PBXProject "PokecaBox" */ = {
			isa = XCConfigurationList;
			buildConfigurations = (
				6E2B45ED2D8DB51C007EE511 /* Debug */,
				6E2B45EE2D8DB51C007EE511 /* Release */,
			);
			defaultConfigurationIsVisible = 0;
			defaultConfigurationName = Release;
		};
		6E2B45EF2D8DB51C007EE511 /* Build configuration list for PBXNativeTarget "PokecaBox" */ = {
			isa = XCConfigurationList;
			buildConfigurations = (
				6E2B45F02D8DB51C007EE511 /* Debug */,
				6E2B45F12D8DB51C007EE511 /* Release */,
			);
			defaultConfigurationIsVisible = 0;
			defaultConfigurationName = Release;
		};
		6E2B45F22D8DB51C007EE511 /* Build configuration list for PBXNativeTarget "PokecaBoxTests" */ = {
			isa = XCConfigurationList;
			buildConfigurations = (
				6E2B45F32D8DB51C007EE511 /* Debug */,
				6E2B45F42D8DB51C007EE511 /* Release */,
			);
			defaultConfigurationIsVisible = 0;
			defaultConfigurationName = Release;
		};
		6E2B45F52D8DB51C007EE511 /* Build configuration list for PBXNativeTarget "PokecaBoxUITests" */ = {
			isa = XCConfigurationList;
			buildConfigurations = (
				6E2B45F62D8DB51C007EE511 /* Debug */,
				6E2B45F72D8DB51C007EE511 /* Release */,
			);
			defaultConfigurationIsVisible = 0;
			defaultConfigurationName = Release;
		};
/* End XCConfigurationList section */

/* Begin XCVersionGroup section */
		6E2B45D42D8DB51B007EE511 /* PokecaBox.xcdatamodeld */ = {
			isa = XCVersionGroup;
			children = (
				6E2B45D52D8DB51B007EE511 /* PokecaBox.xcdatamodel */,
			);
			currentVersion = 6E2B45D52D8DB51B007EE511 /* PokecaBox.xcdatamodel */;
			path = PokecaBox.xcdatamodeld;
			sourceTree = "<group>";
			versionGroupType = wrapper.xcdatamodel;
		};
/* End XCVersionGroup section */
	};
	rootObject = 6E2B45BE2D8DB513007EE511 /* Project object */;
}
